
Microsoft Visual Studio Solution File, Format Version 12.00
# Visual Studio 15
VisualStudioVersion = 15.0.28307.902
MinimumVisualStudioVersion = 10.0.40219.1
Project("{FAE04EC0-301F-11D3-BF4B-00C04F79EFBC}") = "PaySlipGeneratorNew", "PaySlipGeneratorNew\PaySlipGeneratorNew.csproj", "{C5219940-20BF-4709-8D5D-CEA48626EB7A}"
EndProject
Project("{FAE04EC0-301F-11D3-BF4B-00C04F79EFBC}") = "Utilities", "Utilities\Utilities.csproj", "{A7930739-38AA-4B0F-A502-ED3888426D11}"
EndProject
Project("{FAE04EC0-301F-11D3-BF4B-00C04F79EFBC}") = "Calculator", "Calculator\Calculator.csproj", "{807F5B04-FBA6-4BB8-97E8-53514218DCE6}"
EndProject
Project("{FAE04EC0-301F-11D3-BF4B-00C04F79EFBC}") = "Calculator.Tests", "Calculator.Tests\Calculator.Tests.csproj", "{3F3DA66F-FFDE-42A6-A902-B79775918620}"
EndProject
Global
	GlobalSection(SolutionConfigurationPlatforms) = preSolution
		Debug|Any CPU = Debug|Any CPU
		Release|Any CPU = Release|Any CPU
	EndGlobalSection
	GlobalSection(ProjectConfigurationPlatforms) = postSolution
		{C5219940-20BF-4709-8D5D-CEA48626EB7A}.Debug|Any CPU.ActiveCfg = Debug|Any CPU
		{C5219940-20BF-4709-8D5D-CEA48626EB7A}.Debug|Any CPU.Build.0 = Debug|Any CPU
		{C5219940-20BF-4709-8D5D-CEA48626EB7A}.Release|Any CPU.ActiveCfg = Release|Any CPU
		{C5219940-20BF-4709-8D5D-CEA48626EB7A}.Release|Any CPU.Build.0 = Release|Any CPU
		{A7930739-38AA-4B0F-A502-ED3888426D11}.Debug|Any CPU.ActiveCfg = Debug|Any CPU
		{A7930739-38AA-4B0F-A502-ED3888426D11}.Debug|Any CPU.Build.0 = Debug|Any CPU
		{A7930739-38AA-4B0F-A502-ED3888426D11}.Release|Any CPU.ActiveCfg = Release|Any CPU
		{A7930739-38AA-4B0F-A502-ED3888426D11}.Release|Any CPU.Build.0 = Release|Any CPU
		{807F5B04-FBA6-4BB8-97E8-53514218DCE6}.Debug|Any CPU.ActiveCfg = Debug|Any CPU
		{807F5B04-FBA6-4BB8-97E8-53514218DCE6}.Debug|Any CPU.Build.0 = Debug|Any CPU
		{807F5B04-FBA6-4BB8-97E8-53514218DCE6}.Release|Any CPU.ActiveCfg = Release|Any CPU
		{807F5B04-FBA6-4BB8-97E8-53514218DCE6}.Release|Any CPU.Build.0 = Release|Any CPU
		{3F3DA66F-FFDE-42A6-A902-B79775918620}.Debug|Any CPU.ActiveCfg = Debug|Any CPU
		{3F3DA66F-FFDE-42A6-A902-B79775918620}.Debug|Any CPU.Build.0 = Debug|Any CPU
		{3F3DA66F-FFDE-42A6-A902-B79775918620}.Release|Any CPU.ActiveCfg = Release|Any CPU
		{3F3DA66F-FFDE-42A6-A902-B79775918620}.Release|Any CPU.Build.0 = Release|Any CPU
	EndGlobalSection
	GlobalSection(SolutionProperties) = preSolution
		HideSolutionNode = FALSE
	EndGlobalSection
	GlobalSection(ExtensibilityGlobals) = postSolution
		SolutionGuid = {1E3FA56E-303D-4688-B68D-4C6DDA32341E}
	EndGlobalSection
EndGlobal
